// !$*UTF8*$!
{
	archiveVersion = 1;
	classes = {
	};
	objectVersion = 46;
	objects = {

/* Begin PBXBuildFile section */
		C90AF24C154474D6008284A6 /* editImage.png in Resources */ = {isa = PBXBuildFile; fileRef = C90AF24A154474D6008284A6 /* editImage.png */; };
		C90AF24D154474D6008284A6 /* noImage.png in Resources */ = {isa = PBXBuildFile; fileRef = C90AF24B154474D6008284A6 /* noImage.png */; };
		C90D2735151F96CB0099926F /* bottomRowSelected.png in Resources */ = {isa = PBXBuildFile; fileRef = C90D2731151F96CB0099926F /* bottomRowSelected.png */; };
		C90D2736151F96CB0099926F /* middleRowSelected.png in Resources */ = {isa = PBXBuildFile; fileRef = C90D2732151F96CB0099926F /* middleRowSelected.png */; };
		C90D2737151F96CB0099926F /* oneRowOnly.png in Resources */ = {isa = PBXBuildFile; fileRef = C90D2733151F96CB0099926F /* oneRowOnly.png */; };
		C90D2738151F96CB0099926F /* topRowSelected.png in Resources */ = {isa = PBXBuildFile; fileRef = C90D2734151F96CB0099926F /* topRowSelected.png */; };
		C92A91C1154C5E9300A4CEB5 /* PatientSearchViewController.m in Sources */ = {isa = PBXBuildFile; fileRef = C92A91C0154C5E9300A4CEB5 /* PatientSearchViewController.m */; };
		C93E1E25150D92610067622D /* Utilities.m in Sources */ = {isa = PBXBuildFile; fileRef = C93E1E24150D92610067622D /* Utilities.m */; };
		C96605CD14FC7D8400040818 /* green_button.png in Resources */ = {isa = PBXBuildFile; fileRef = C96605CC14FC7D8400040818 /* green_button.png */; };
		C96CDFCE15291BF8006F24F7 /* OfficeDetailsViewController.m in Sources */ = {isa = PBXBuildFile; fileRef = C96CDFCD15291BF8006F24F7 /* OfficeDetailsViewController.m */; };
		C97BD0AC150403EC00788AA4 /* loading.png in Resources */ = {isa = PBXBuildFile; fileRef = C97BD0AB150403EC00788AA4 /* loading.png */; };
		C97DEBF014FC777D002A860E /* navBar44.png in Resources */ = {isa = PBXBuildFile; fileRef = C97DEBEF14FC777D002A860E /* navBar44.png */; };
		C99B0690150BFD9C006490A6 /* OfficesViewController.m in Sources */ = {isa = PBXBuildFile; fileRef = C99B068F150BFD9C006490A6 /* OfficesViewController.m */; };
		C9A15D1A1537D37A003CB66A /* PatientsTableViewCell.m in Sources */ = {isa = PBXBuildFile; fileRef = C9A15D191537D37A003CB66A /* PatientsTableViewCell.m */; };
		C9A5ABE61548DBBB00E439FF /* PatientDetailsViewController.m in Sources */ = {isa = PBXBuildFile; fileRef = C9A5ABE51548DBBB00E439FF /* PatientDetailsViewController.m */; };
		C9ACC5AB154F2B760086ED41 /* VisitsViewController.m in Sources */ = {isa = PBXBuildFile; fileRef = C9ACC5AA154F2B760086ED41 /* VisitsViewController.m */; };
		C9ACC5AF154F2BA00086ED41 /* VisitDetailsViewController.m in Sources */ = {isa = PBXBuildFile; fileRef = C9ACC5AE154F2BA00086ED41 /* VisitDetailsViewController.m */; };
		C9ACC5B2154F2BBF0086ED41 /* SurgeriesViewController.m in Sources */ = {isa = PBXBuildFile; fileRef = C9ACC5B1154F2BBF0086ED41 /* SurgeriesViewController.m */; };
		C9ACC5B5154F2BD10086ED41 /* SurgeryDetailsViewController.m in Sources */ = {isa = PBXBuildFile; fileRef = C9ACC5B4154F2BD10086ED41 /* SurgeryDetailsViewController.m */; };
		C9ACC5B8154F2BF30086ED41 /* TestsViewController.m in Sources */ = {isa = PBXBuildFile; fileRef = C9ACC5B7154F2BF30086ED41 /* TestsViewController.m */; };
		C9ACC5BB154F2C0A0086ED41 /* TestDetailsViewController.m in Sources */ = {isa = PBXBuildFile; fileRef = C9ACC5BA154F2C0A0086ED41 /* TestDetailsViewController.m */; };
		C9B431BE152494D0006CC1E2 /* Patient.m in Sources */ = {isa = PBXBuildFile; fileRef = C9B431BD152494D0006CC1E2 /* Patient.m */; };
		C9B431C2152497E0006CC1E2 /* Visit.m in Sources */ = {isa = PBXBuildFile; fileRef = C9B431C1152497E0006CC1E2 /* Visit.m */; };
		C9B431C515249807006CC1E2 /* Test.m in Sources */ = {isa = PBXBuildFile; fileRef = C9B431C415249807006CC1E2 /* Test.m */; };
		C9B431C81524985B006CC1E2 /* Surgery.m in Sources */ = {isa = PBXBuildFile; fileRef = C9B431C71524985B006CC1E2 /* Surgery.m */; };
		C9BA09ED14E72175001F5F20 /* UIKit.framework in Frameworks */ = {isa = PBXBuildFile; fileRef = C9BA09EC14E72175001F5F20 /* UIKit.framework */; };
		C9BA09EF14E72175001F5F20 /* Foundation.framework in Frameworks */ = {isa = PBXBuildFile; fileRef = C9BA09EE14E72175001F5F20 /* Foundation.framework */; };
		C9BA09F114E72175001F5F20 /* CoreGraphics.framework in Frameworks */ = {isa = PBXBuildFile; fileRef = C9BA09F014E72175001F5F20 /* CoreGraphics.framework */; };
		C9BA09F714E72175001F5F20 /* InfoPlist.strings in Resources */ = {isa = PBXBuildFile; fileRef = C9BA09F514E72175001F5F20 /* InfoPlist.strings */; };
		C9BA09F914E72175001F5F20 /* main.m in Sources */ = {isa = PBXBuildFile; fileRef = C9BA09F814E72175001F5F20 /* main.m */; };
		C9BA09FD14E72175001F5F20 /* AppDelegate.m in Sources */ = {isa = PBXBuildFile; fileRef = C9BA09FC14E72175001F5F20 /* AppDelegate.m */; };
		C9BA0A0014E72175001F5F20 /* MainStoryboard.storyboard in Resources */ = {isa = PBXBuildFile; fileRef = C9BA09FE14E72175001F5F20 /* MainStoryboard.storyboard */; };
		C9BA0A0314E72175001F5F20 /* LoginViewController.m in Sources */ = {isa = PBXBuildFile; fileRef = C9BA0A0214E72175001F5F20 /* LoginViewController.m */; };
		C9E5355C150E954E004EF069 /* OfficeTableViewCell.m in Sources */ = {isa = PBXBuildFile; fileRef = C9E5355B150E954D004EF069 /* OfficeTableViewCell.m */; };
		C9F38A5A1502BAA100B0B808 /* Office.m in Sources */ = {isa = PBXBuildFile; fileRef = C9F38A591502BAA100B0B808 /* Office.m */; };
		C9F4C844152759C600E05A66 /* PatientsViewController.m in Sources */ = {isa = PBXBuildFile; fileRef = C9F4C843152759C600E05A66 /* PatientsViewController.m */; };
/* End PBXBuildFile section */

/* Begin PBXFileReference section */
		C90AF24A154474D6008284A6 /* editImage.png */ = {isa = PBXFileReference; lastKnownFileType = image.png; path = editImage.png; sourceTree = "<group>"; };
		C90AF24B154474D6008284A6 /* noImage.png */ = {isa = PBXFileReference; lastKnownFileType = image.png; path = noImage.png; sourceTree = "<group>"; };
		C90D26EC151F65B00099926F /* SystemConfiguration.framework */ = {isa = PBXFileReference; lastKnownFileType = wrapper.framework; name = SystemConfiguration.framework; path = System/Library/Frameworks/SystemConfiguration.framework; sourceTree = SDKROOT; };
		C90D2731151F96CB0099926F /* bottomRowSelected.png */ = {isa = PBXFileReference; lastKnownFileType = image.png; path = bottomRowSelected.png; sourceTree = "<group>"; };
		C90D2732151F96CB0099926F /* middleRowSelected.png */ = {isa = PBXFileReference; lastKnownFileType = image.png; path = middleRowSelected.png; sourceTree = "<group>"; };
		C90D2733151F96CB0099926F /* oneRowOnly.png */ = {isa = PBXFileReference; lastKnownFileType = image.png; path = oneRowOnly.png; sourceTree = "<group>"; };
		C90D2734151F96CB0099926F /* topRowSelected.png */ = {isa = PBXFileReference; lastKnownFileType = image.png; path = topRowSelected.png; sourceTree = "<group>"; };
		C92A91BF154C5E9300A4CEB5 /* PatientSearchViewController.h */ = {isa = PBXFileReference; fileEncoding = 4; lastKnownFileType = sourcecode.c.h; path = PatientSearchViewController.h; sourceTree = "<group>"; };
		C92A91C0154C5E9300A4CEB5 /* PatientSearchViewController.m */ = {isa = PBXFileReference; fileEncoding = 4; lastKnownFileType = sourcecode.c.objc; path = PatientSearchViewController.m; sourceTree = "<group>"; };
		C93E1E23150D92610067622D /* Utilities.h */ = {isa = PBXFileReference; fileEncoding = 4; lastKnownFileType = sourcecode.c.h; path = Utilities.h; sourceTree = "<group>"; };
		C93E1E24150D92610067622D /* Utilities.m */ = {isa = PBXFileReference; fileEncoding = 4; lastKnownFileType = sourcecode.c.objc; path = Utilities.m; sourceTree = "<group>"; };
		C96605CC14FC7D8400040818 /* green_button.png */ = {isa = PBXFileReference; lastKnownFileType = image.png; path = green_button.png; sourceTree = "<group>"; };
		C96CDFCC15291BF8006F24F7 /* OfficeDetailsViewController.h */ = {isa = PBXFileReference; fileEncoding = 4; lastKnownFileType = sourcecode.c.h; path = OfficeDetailsViewController.h; sourceTree = "<group>"; };
		C96CDFCD15291BF8006F24F7 /* OfficeDetailsViewController.m */ = {isa = PBXFileReference; fileEncoding = 4; lastKnownFileType = sourcecode.c.objc; path = OfficeDetailsViewController.m; sourceTree = "<group>"; };
		C97BD0AB150403EC00788AA4 /* loading.png */ = {isa = PBXFileReference; lastKnownFileType = image.png; path = loading.png; sourceTree = "<group>"; };
		C97DEBEF14FC777D002A860E /* navBar44.png */ = {isa = PBXFileReference; lastKnownFileType = image.png; path = navBar44.png; sourceTree = "<group>"; };
		C99B068E150BFD9C006490A6 /* OfficesViewController.h */ = {isa = PBXFileReference; fileEncoding = 4; lastKnownFileType = sourcecode.c.h; path = OfficesViewController.h; sourceTree = "<group>"; };
		C99B068F150BFD9C006490A6 /* OfficesViewController.m */ = {isa = PBXFileReference; fileEncoding = 4; lastKnownFileType = sourcecode.c.objc; path = OfficesViewController.m; sourceTree = "<group>"; };
		C9A15D181537D37A003CB66A /* PatientsTableViewCell.h */ = {isa = PBXFileReference; fileEncoding = 4; lastKnownFileType = sourcecode.c.h; path = PatientsTableViewCell.h; sourceTree = "<group>"; };
		C9A15D191537D37A003CB66A /* PatientsTableViewCell.m */ = {isa = PBXFileReference; fileEncoding = 4; lastKnownFileType = sourcecode.c.objc; path = PatientsTableViewCell.m; sourceTree = "<group>"; };
		C9A5ABE41548DBBB00E439FF /* PatientDetailsViewController.h */ = {isa = PBXFileReference; fileEncoding = 4; lastKnownFileType = sourcecode.c.h; path = PatientDetailsViewController.h; sourceTree = "<group>"; };
		C9A5ABE51548DBBB00E439FF /* PatientDetailsViewController.m */ = {isa = PBXFileReference; fileEncoding = 4; lastKnownFileType = sourcecode.c.objc; path = PatientDetailsViewController.m; sourceTree = "<group>"; };
		C9ACC5A9154F2B760086ED41 /* VisitsViewController.h */ = {isa = PBXFileReference; fileEncoding = 4; lastKnownFileType = sourcecode.c.h; path = VisitsViewController.h; sourceTree = "<group>"; };
		C9ACC5AA154F2B760086ED41 /* VisitsViewController.m */ = {isa = PBXFileReference; fileEncoding = 4; lastKnownFileType = sourcecode.c.objc; path = VisitsViewController.m; sourceTree = "<group>"; };
		C9ACC5AD154F2B9F0086ED41 /* VisitDetailsViewController.h */ = {isa = PBXFileReference; fileEncoding = 4; lastKnownFileType = sourcecode.c.h; path = VisitDetailsViewController.h; sourceTree = "<group>"; };
		C9ACC5AE154F2BA00086ED41 /* VisitDetailsViewController.m */ = {isa = PBXFileReference; fileEncoding = 4; lastKnownFileType = sourcecode.c.objc; path = VisitDetailsViewController.m; sourceTree = "<group>"; };
		C9ACC5B0154F2BBF0086ED41 /* SurgeriesViewController.h */ = {isa = PBXFileReference; fileEncoding = 4; lastKnownFileType = sourcecode.c.h; path = SurgeriesViewController.h; sourceTree = "<group>"; };
		C9ACC5B1154F2BBF0086ED41 /* SurgeriesViewController.m */ = {isa = PBXFileReference; fileEncoding = 4; lastKnownFileType = sourcecode.c.objc; path = SurgeriesViewController.m; sourceTree = "<group>"; };
		C9ACC5B3154F2BD10086ED41 /* SurgeryDetailsViewController.h */ = {isa = PBXFileReference; fileEncoding = 4; lastKnownFileType = sourcecode.c.h; path = SurgeryDetailsViewController.h; sourceTree = "<group>"; };
		C9ACC5B4154F2BD10086ED41 /* SurgeryDetailsViewController.m */ = {isa = PBXFileReference; fileEncoding = 4; lastKnownFileType = sourcecode.c.objc; path = SurgeryDetailsViewController.m; sourceTree = "<group>"; };
		C9ACC5B6154F2BF30086ED41 /* TestsViewController.h */ = {isa = PBXFileReference; fileEncoding = 4; lastKnownFileType = sourcecode.c.h; path = TestsViewController.h; sourceTree = "<group>"; };
		C9ACC5B7154F2BF30086ED41 /* TestsViewController.m */ = {isa = PBXFileReference; fileEncoding = 4; lastKnownFileType = sourcecode.c.objc; path = TestsViewController.m; sourceTree = "<group>"; };
		C9ACC5B9154F2C0A0086ED41 /* TestDetailsViewController.h */ = {isa = PBXFileReference; fileEncoding = 4; lastKnownFileType = sourcecode.c.h; path = TestDetailsViewController.h; sourceTree = "<group>"; };
		C9ACC5BA154F2C0A0086ED41 /* TestDetailsViewController.m */ = {isa = PBXFileReference; fileEncoding = 4; lastKnownFileType = sourcecode.c.objc; path = TestDetailsViewController.m; sourceTree = "<group>"; };
		C9B431BC152494D0006CC1E2 /* Patient.h */ = {isa = PBXFileReference; fileEncoding = 4; lastKnownFileType = sourcecode.c.h; path = Patient.h; sourceTree = "<group>"; };
		C9B431BD152494D0006CC1E2 /* Patient.m */ = {isa = PBXFileReference; fileEncoding = 4; lastKnownFileType = sourcecode.c.objc; path = Patient.m; sourceTree = "<group>"; };
		C9B431C0152497E0006CC1E2 /* Visit.h */ = {isa = PBXFileReference; fileEncoding = 4; lastKnownFileType = sourcecode.c.h; path = Visit.h; sourceTree = "<group>"; };
		C9B431C1152497E0006CC1E2 /* Visit.m */ = {isa = PBXFileReference; fileEncoding = 4; lastKnownFileType = sourcecode.c.objc; path = Visit.m; sourceTree = "<group>"; };
		C9B431C315249807006CC1E2 /* Test.h */ = {isa = PBXFileReference; fileEncoding = 4; lastKnownFileType = sourcecode.c.h; path = Test.h; sourceTree = "<group>"; };
		C9B431C415249807006CC1E2 /* Test.m */ = {isa = PBXFileReference; fileEncoding = 4; lastKnownFileType = sourcecode.c.objc; path = Test.m; sourceTree = "<group>"; };
		C9B431C61524985B006CC1E2 /* Surgery.h */ = {isa = PBXFileReference; fileEncoding = 4; lastKnownFileType = sourcecode.c.h; path = Surgery.h; sourceTree = "<group>"; };
		C9B431C71524985B006CC1E2 /* Surgery.m */ = {isa = PBXFileReference; fileEncoding = 4; lastKnownFileType = sourcecode.c.objc; path = Surgery.m; sourceTree = "<group>"; };
		C9BA09E814E72175001F5F20 /* medical.app */ = {isa = PBXFileReference; explicitFileType = wrapper.application; includeInIndex = 0; path = medical.app; sourceTree = BUILT_PRODUCTS_DIR; };
		C9BA09EC14E72175001F5F20 /* UIKit.framework */ = {isa = PBXFileReference; lastKnownFileType = wrapper.framework; name = UIKit.framework; path = System/Library/Frameworks/UIKit.framework; sourceTree = SDKROOT; };
		C9BA09EE14E72175001F5F20 /* Foundation.framework */ = {isa = PBXFileReference; lastKnownFileType = wrapper.framework; name = Foundation.framework; path = System/Library/Frameworks/Foundation.framework; sourceTree = SDKROOT; };
		C9BA09F014E72175001F5F20 /* CoreGraphics.framework */ = {isa = PBXFileReference; lastKnownFileType = wrapper.framework; name = CoreGraphics.framework; path = System/Library/Frameworks/CoreGraphics.framework; sourceTree = SDKROOT; };
		C9BA09F414E72175001F5F20 /* medical-Info.plist */ = {isa = PBXFileReference; lastKnownFileType = text.plist.xml; path = "medical-Info.plist"; sourceTree = "<group>"; };
		C9BA09F614E72175001F5F20 /* en */ = {isa = PBXFileReference; lastKnownFileType = text.plist.strings; name = en; path = en.lproj/InfoPlist.strings; sourceTree = "<group>"; };
		C9BA09F814E72175001F5F20 /* main.m */ = {isa = PBXFileReference; lastKnownFileType = sourcecode.c.objc; path = main.m; sourceTree = "<group>"; };
		C9BA09FA14E72175001F5F20 /* medical-Prefix.pch */ = {isa = PBXFileReference; lastKnownFileType = sourcecode.c.h; path = "medical-Prefix.pch"; sourceTree = "<group>"; };
		C9BA09FB14E72175001F5F20 /* AppDelegate.h */ = {isa = PBXFileReference; lastKnownFileType = sourcecode.c.h; path = AppDelegate.h; sourceTree = "<group>"; };
		C9BA09FC14E72175001F5F20 /* AppDelegate.m */ = {isa = PBXFileReference; lastKnownFileType = sourcecode.c.objc; path = AppDelegate.m; sourceTree = "<group>"; };
		C9BA09FF14E72175001F5F20 /* en */ = {isa = PBXFileReference; lastKnownFileType = file.storyboard; name = en; path = en.lproj/MainStoryboard.storyboard; sourceTree = "<group>"; };
		C9BA0A0114E72175001F5F20 /* LoginViewController.h */ = {isa = PBXFileReference; lastKnownFileType = sourcecode.c.h; path = LoginViewController.h; sourceTree = "<group>"; };
		C9BA0A0214E72175001F5F20 /* LoginViewController.m */ = {isa = PBXFileReference; lastKnownFileType = sourcecode.c.objc; path = LoginViewController.m; sourceTree = "<group>"; };
		C9E5355A150E954D004EF069 /* OfficeTableViewCell.h */ = {isa = PBXFileReference; fileEncoding = 4; lastKnownFileType = sourcecode.c.h; path = OfficeTableViewCell.h; sourceTree = "<group>"; };
		C9E5355B150E954D004EF069 /* OfficeTableViewCell.m */ = {isa = PBXFileReference; fileEncoding = 4; lastKnownFileType = sourcecode.c.objc; path = OfficeTableViewCell.m; sourceTree = "<group>"; };
		C9F38A581502BAA100B0B808 /* Office.h */ = {isa = PBXFileReference; fileEncoding = 4; lastKnownFileType = sourcecode.c.h; path = Office.h; sourceTree = "<group>"; };
		C9F38A591502BAA100B0B808 /* Office.m */ = {isa = PBXFileReference; fileEncoding = 4; lastKnownFileType = sourcecode.c.objc; path = Office.m; sourceTree = "<group>"; };
		C9F4C842152759C600E05A66 /* PatientsViewController.h */ = {isa = PBXFileReference; fileEncoding = 4; lastKnownFileType = sourcecode.c.h; path = PatientsViewController.h; sourceTree = "<group>"; };
		C9F4C843152759C600E05A66 /* PatientsViewController.m */ = {isa = PBXFileReference; fileEncoding = 4; lastKnownFileType = sourcecode.c.objc; path = PatientsViewController.m; sourceTree = "<group>"; };
/* End PBXFileReference section */

/* Begin PBXFrameworksBuildPhase section */
		C9BA09E514E72175001F5F20 /* Frameworks */ = {
			isa = PBXFrameworksBuildPhase;
			buildActionMask = 2147483647;
			files = (
				C9BA09ED14E72175001F5F20 /* UIKit.framework in Frameworks */,
				C9BA09EF14E72175001F5F20 /* Foundation.framework in Frameworks */,
				C9BA09F114E72175001F5F20 /* CoreGraphics.framework in Frameworks */,
			);
			runOnlyForDeploymentPostprocessing = 0;
		};
/* End PBXFrameworksBuildPhase section */

/* Begin PBXGroup section */
		C92A91C3154C60D800A4CEB5 /* TableViewCells */ = {
			isa = PBXGroup;
			children = (
				C9E5355A150E954D004EF069 /* OfficeTableViewCell.h */,
				C9E5355B150E954D004EF069 /* OfficeTableViewCell.m */,
				C9A15D181537D37A003CB66A /* PatientsTableViewCell.h */,
				C9A15D191537D37A003CB66A /* PatientsTableViewCell.m */,
			);
			name = TableViewCells;
			sourceTree = "<group>";
		};
		C93361A314FAB9DD003F1349 /* Resources */ = {
			isa = PBXGroup;
			children = (
				C93361A414FAB9DD003F1349 /* Images */,
				C9BA09FE14E72175001F5F20 /* MainStoryboard.storyboard */,
			);
			name = Resources;
			path = medical/Resources;
			sourceTree = "<group>";
		};
		C93361A414FAB9DD003F1349 /* Images */ = {
			isa = PBXGroup;
			children = (
				C90AF24A154474D6008284A6 /* editImage.png */,
				C90AF24B154474D6008284A6 /* noImage.png */,
				C90D2731151F96CB0099926F /* bottomRowSelected.png */,
				C90D2732151F96CB0099926F /* middleRowSelected.png */,
				C90D2733151F96CB0099926F /* oneRowOnly.png */,
				C90D2734151F96CB0099926F /* topRowSelected.png */,
				C97DEBEF14FC777D002A860E /* navBar44.png */,
				C96605CC14FC7D8400040818 /* green_button.png */,
				C97BD0AB150403EC00788AA4 /* loading.png */,
			);
			path = Images;
			sourceTree = "<group>";
		};
		C9B431BF152497B7006CC1E2 /* Patient Classes */ = {
			isa = PBXGroup;
			children = (
				C9B431BC152494D0006CC1E2 /* Patient.h */,
				C9B431BD152494D0006CC1E2 /* Patient.m */,
				C9B431C0152497E0006CC1E2 /* Visit.h */,
				C9B431C1152497E0006CC1E2 /* Visit.m */,
				C9B431C315249807006CC1E2 /* Test.h */,
				C9B431C415249807006CC1E2 /* Test.m */,
				C9B431C61524985B006CC1E2 /* Surgery.h */,
				C9B431C71524985B006CC1E2 /* Surgery.m */,
			);
			name = "Patient Classes";
			sourceTree = "<group>";
		};
		C9BA09DD14E72174001F5F20 = {
			isa = PBXGroup;
			children = (
				C9BA09F214E72175001F5F20 /* Classes */,
				C9BA09F314E72175001F5F20 /* Supporting Files */,
				C93361A314FAB9DD003F1349 /* Resources */,
				C9BA09EB14E72175001F5F20 /* Frameworks */,
				C9BA09E914E72175001F5F20 /* Products */,
			);
			sourceTree = "<group>";
		};
		C9BA09E914E72175001F5F20 /* Products */ = {
			isa = PBXGroup;
			children = (
				C9BA09E814E72175001F5F20 /* medical.app */,
			);
			name = Products;
			sourceTree = "<group>";
		};
		C9BA09EB14E72175001F5F20 /* Frameworks */ = {
			isa = PBXGroup;
			children = (
				C90D26EC151F65B00099926F /* SystemConfiguration.framework */,
				C9BA09EC14E72175001F5F20 /* UIKit.framework */,
				C9BA09EE14E72175001F5F20 /* Foundation.framework */,
				C9BA09F014E72175001F5F20 /* CoreGraphics.framework */,
			);
			name = Frameworks;
			sourceTree = "<group>";
		};
		C9BA09F214E72175001F5F20 /* Classes */ = {
			isa = PBXGroup;
			children = (
				C92A91C3154C60D800A4CEB5 /* TableViewCells */,
				C9F38A561502BA5B00B0B808 /* Models */,
				C9BA09FB14E72175001F5F20 /* AppDelegate.h */,
				C9BA09FC14E72175001F5F20 /* AppDelegate.m */,
				C9BA0A0114E72175001F5F20 /* LoginViewController.h */,
				C9BA0A0214E72175001F5F20 /* LoginViewController.m */,
				C99B068E150BFD9C006490A6 /* OfficesViewController.h */,
				C99B068F150BFD9C006490A6 /* OfficesViewController.m */,
				C9F4C842152759C600E05A66 /* PatientsViewController.h */,
				C9F4C843152759C600E05A66 /* PatientsViewController.m */,
				C9A5ABE41548DBBB00E439FF /* PatientDetailsViewController.h */,
				C9A5ABE51548DBBB00E439FF /* PatientDetailsViewController.m */,
				C96CDFCC15291BF8006F24F7 /* OfficeDetailsViewController.h */,
				C96CDFCD15291BF8006F24F7 /* OfficeDetailsViewController.m */,
				C92A91BF154C5E9300A4CEB5 /* PatientSearchViewController.h */,
				C92A91C0154C5E9300A4CEB5 /* PatientSearchViewController.m */,
				C9ACC5A9154F2B760086ED41 /* VisitsViewController.h */,
				C9ACC5AA154F2B760086ED41 /* VisitsViewController.m */,
				C9ACC5AD154F2B9F0086ED41 /* VisitDetailsViewController.h */,
				C9ACC5AE154F2BA00086ED41 /* VisitDetailsViewController.m */,
				C9ACC5B0154F2BBF0086ED41 /* SurgeriesViewController.h */,
				C9ACC5B1154F2BBF0086ED41 /* SurgeriesViewController.m */,
				C9ACC5B3154F2BD10086ED41 /* SurgeryDetailsViewController.h */,
				C9ACC5B4154F2BD10086ED41 /* SurgeryDetailsViewController.m */,
				C9ACC5B6154F2BF30086ED41 /* TestsViewController.h */,
				C9ACC5B7154F2BF30086ED41 /* TestsViewController.m */,
				C9ACC5B9154F2C0A0086ED41 /* TestDetailsViewController.h */,
				C9ACC5BA154F2C0A0086ED41 /* TestDetailsViewController.m */,
				C9F4C846152759EC00E05A66 /* Utilities */,
			);
			name = Classes;
			path = medical;
			sourceTree = "<group>";
		};
		C9BA09F314E72175001F5F20 /* Supporting Files */ = {
			isa = PBXGroup;
			children = (
				C9BA09F414E72175001F5F20 /* medical-Info.plist */,
				C9BA09F514E72175001F5F20 /* InfoPlist.strings */,
				C9BA09F814E72175001F5F20 /* main.m */,
				C9BA09FA14E72175001F5F20 /* medical-Prefix.pch */,
			);
			name = "Supporting Files";
			path = medical;
			sourceTree = "<group>";
		};
		C9F38A561502BA5B00B0B808 /* Models */ = {
			isa = PBXGroup;
			children = (
				C9B431BF152497B7006CC1E2 /* Patient Classes */,
				C9F38A581502BAA100B0B808 /* Office.h */,
				C9F38A591502BAA100B0B808 /* Office.m */,
			);
			path = Models;
			sourceTree = "<group>";
		};
		C9F4C846152759EC00E05A66 /* Utilities */ = {
			isa = PBXGroup;
			children = (
				C93E1E23150D92610067622D /* Utilities.h */,
				C93E1E24150D92610067622D /* Utilities.m */,
			);
			name = Utilities;
			sourceTree = "<group>";
		};
/* End PBXGroup section */

/* Begin PBXNativeTarget section */
		C9BA09E714E72175001F5F20 /* medical */ = {
			isa = PBXNativeTarget;
			buildConfigurationList = C9BA0A0614E72175001F5F20 /* Build configuration list for PBXNativeTarget "medical" */;
			buildPhases = (
				C9BA09E414E72175001F5F20 /* Sources */,
				C9BA09E514E72175001F5F20 /* Frameworks */,
				C9BA09E614E72175001F5F20 /* Resources */,
			);
			buildRules = (
			);
			dependencies = (
			);
			name = medical;
			productName = medical;
			productReference = C9BA09E814E72175001F5F20 /* medical.app */;
			productType = "com.apple.product-type.application";
		};
/* End PBXNativeTarget section */

/* Begin PBXProject section */
		C9BA09DF14E72174001F5F20 /* Project object */ = {
			isa = PBXProject;
			attributes = {
				LastUpgradeCheck = 0430;
				ORGANIZATIONNAME = " PPA";
			};
			buildConfigurationList = C9BA09E214E72174001F5F20 /* Build configuration list for PBXProject "medical" */;
			compatibilityVersion = "Xcode 3.2";
			developmentRegion = English;
			hasScannedForEncodings = 0;
			knownRegions = (
				en,
			);
			mainGroup = C9BA09DD14E72174001F5F20;
			productRefGroup = C9BA09E914E72175001F5F20 /* Products */;
			projectDirPath = "";
			projectRoot = "";
			targets = (
				C9BA09E714E72175001F5F20 /* medical */,
			);
		};
/* End PBXProject section */

/* Begin PBXResourcesBuildPhase section */
		C9BA09E614E72175001F5F20 /* Resources */ = {
			isa = PBXResourcesBuildPhase;
			buildActionMask = 2147483647;
			files = (
				C9BA09F714E72175001F5F20 /* InfoPlist.strings in Resources */,
				C9BA0A0014E72175001F5F20 /* MainStoryboard.storyboard in Resources */,
				C97DEBF014FC777D002A860E /* navBar44.png in Resources */,
				C96605CD14FC7D8400040818 /* green_button.png in Resources */,
				C97BD0AC150403EC00788AA4 /* loading.png in Resources */,
				C90D2735151F96CB0099926F /* bottomRowSelected.png in Resources */,
				C90D2736151F96CB0099926F /* middleRowSelected.png in Resources */,
				C90D2737151F96CB0099926F /* oneRowOnly.png in Resources */,
				C90D2738151F96CB0099926F /* topRowSelected.png in Resources */,
				C90AF24C154474D6008284A6 /* editImage.png in Resources */,
				C90AF24D154474D6008284A6 /* noImage.png in Resources */,
			);
			runOnlyForDeploymentPostprocessing = 0;
		};
/* End PBXResourcesBuildPhase section */

/* Begin PBXSourcesBuildPhase section */
		C9BA09E414E72175001F5F20 /* Sources */ = {
			isa = PBXSourcesBuildPhase;
			buildActionMask = 2147483647;
			files = (
				C9BA09F914E72175001F5F20 /* main.m in Sources */,
				C9BA09FD14E72175001F5F20 /* AppDelegate.m in Sources */,
				C9BA0A0314E72175001F5F20 /* LoginViewController.m in Sources */,
				C9F38A5A1502BAA100B0B808 /* Office.m in Sources */,
				C99B0690150BFD9C006490A6 /* OfficesViewController.m in Sources */,
				C93E1E25150D92610067622D /* Utilities.m in Sources */,
				C9E5355C150E954E004EF069 /* OfficeTableViewCell.m in Sources */,
				C9B431BE152494D0006CC1E2 /* Patient.m in Sources */,
				C9B431C2152497E0006CC1E2 /* Visit.m in Sources */,
				C9B431C515249807006CC1E2 /* Test.m in Sources */,
				C9B431C81524985B006CC1E2 /* Surgery.m in Sources */,
				C9F4C844152759C600E05A66 /* PatientsViewController.m in Sources */,
				C96CDFCE15291BF8006F24F7 /* OfficeDetailsViewController.m in Sources */,
				C9A15D1A1537D37A003CB66A /* PatientsTableViewCell.m in Sources */,
				C9A5ABE61548DBBB00E439FF /* PatientDetailsViewController.m in Sources */,
				C92A91C1154C5E9300A4CEB5 /* PatientSearchViewController.m in Sources */,
				C9ACC5AB154F2B760086ED41 /* VisitsViewController.m in Sources */,
				C9ACC5AF154F2BA00086ED41 /* VisitDetailsViewController.m in Sources */,
				C9ACC5B2154F2BBF0086ED41 /* SurgeriesViewController.m in Sources */,
				C9ACC5B5154F2BD10086ED41 /* SurgeryDetailsViewController.m in Sources */,
				C9ACC5B8154F2BF30086ED41 /* TestsViewController.m in Sources */,
				C9ACC5BB154F2C0A0086ED41 /* TestDetailsViewController.m in Sources */,
			);
			runOnlyForDeploymentPostprocessing = 0;
		};
/* End PBXSourcesBuildPhase section */

/* Begin PBXVariantGroup section */
		C9BA09F514E72175001F5F20 /* InfoPlist.strings */ = {
			isa = PBXVariantGroup;
			children = (
				C9BA09F614E72175001F5F20 /* en */,
			);
			name = InfoPlist.strings;
			sourceTree = "<group>";
		};
		C9BA09FE14E72175001F5F20 /* MainStoryboard.storyboard */ = {
			isa = PBXVariantGroup;
			children = (
				C9BA09FF14E72175001F5F20 /* en */,
			);
			name = MainStoryboard.storyboard;
			path = ..;
			sourceTree = "<group>";
		};
/* End PBXVariantGroup section */

/* Begin XCBuildConfiguration section */
		C9BA0A0414E72175001F5F20 /* Debug */ = {
			isa = XCBuildConfiguration;
			buildSettings = {
				ALWAYS_SEARCH_USER_PATHS = NO;
				ARCHS = "$(ARCHS_STANDARD_32_BIT)";
				CLANG_ENABLE_OBJC_ARC = YES;
				"CODE_SIGN_IDENTITY[sdk=iphoneos*]" = "iPhone Developer";
				COPY_PHASE_STRIP = NO;
				GCC_C_LANGUAGE_STANDARD = gnu99;
				GCC_DYNAMIC_NO_PIC = NO;
				GCC_OPTIMIZATION_LEVEL = 0;
				GCC_PREPROCESSOR_DEFINITIONS = (
					"DEBUG=1",
					"$(inherited)",
				);
				GCC_SYMBOLS_PRIVATE_EXTERN = NO;
				GCC_VERSION = com.apple.compilers.llvm.clang.1_0;
				GCC_WARN_ABOUT_MISSING_PROTOTYPES = YES;
				GCC_WARN_ABOUT_RETURN_TYPE = YES;
				GCC_WARN_UNUSED_VARIABLE = YES;
				IPHONEOS_DEPLOYMENT_TARGET = 5.0;
				SDKROOT = iphoneos;
			};
			name = Debug;
		};
		C9BA0A0514E72175001F5F20 /* Release */ = {
			isa = XCBuildConfiguration;
			buildSettings = {
				ALWAYS_SEARCH_USER_PATHS = NO;
				ARCHS = "$(ARCHS_STANDARD_32_BIT)";
				CLANG_ENABLE_OBJC_ARC = YES;
				"CODE_SIGN_IDENTITY[sdk=iphoneos*]" = "iPhone Developer";
				COPY_PHASE_STRIP = YES;
				GCC_C_LANGUAGE_STANDARD = gnu99;
				GCC_VERSION = com.apple.compilers.llvm.clang.1_0;
				GCC_WARN_ABOUT_MISSING_PROTOTYPES = YES;
				GCC_WARN_ABOUT_RETURN_TYPE = YES;
				GCC_WARN_UNUSED_VARIABLE = YES;
				IPHONEOS_DEPLOYMENT_TARGET = 5.0;
				OTHER_CFLAGS = "-DNS_BLOCK_ASSERTIONS=1";
				SDKROOT = iphoneos;
				VALIDATE_PRODUCT = YES;
			};
			name = Release;
		};
		C9BA0A0714E72175001F5F20 /* Debug */ = {
			isa = XCBuildConfiguration;
			buildSettings = {
				GCC_PRECOMPILE_PREFIX_HEADER = YES;
				GCC_PREFIX_HEADER = "medical/medical-Prefix.pch";
				INFOPLIST_FILE = "medical/medical-Info.plist";
				PRODUCT_NAME = "$(TARGET_NAME)";
				WRAPPER_EXTENSION = app;
			};
			name = Debug;
		};
		C9BA0A0814E72175001F5F20 /* Release */ = {
			isa = XCBuildConfiguration;
			buildSettings = {
				GCC_PRECOMPILE_PREFIX_HEADER = YES;
				GCC_PREFIX_HEADER = "medical/medical-Prefix.pch";
				INFOPLIST_FILE = "medical/medical-Info.plist";
				PRODUCT_NAME = "$(TARGET_NAME)";
				WRAPPER_EXTENSION = app;
			};
			name = Release;
		};
/* End XCBuildConfiguration section */

/* Begin XCConfigurationList section */
		C9BA09E214E72174001F5F20 /* Build configuration list for PBXProject "medical" */ = {
			isa = XCConfigurationList;
			buildConfigurations = (
				C9BA0A0414E72175001F5F20 /* Debug */,
				C9BA0A0514E72175001F5F20 /* Release */,
			);
			defaultConfigurationIsVisible = 0;
			defaultConfigurationName = Release;
		};
		C9BA0A0614E72175001F5F20 /* Build configuration list for PBXNativeTarget "medical" */ = {
			isa = XCConfigurationList;
			buildConfigurations = (
				C9BA0A0714E72175001F5F20 /* Debug */,
				C9BA0A0814E72175001F5F20 /* Release */,
			);
			defaultConfigurationIsVisible = 0;
			defaultConfigurationName = Release;
		};
/* End XCConfigurationList section */
	};
	rootObject = C9BA09DF14E72174001F5F20 /* Project object */;
}
